// !$*UTF8*$!
{
	archiveVersion = 1;
	classes = {
	};
	objectVersion = 50;
	objects = {

/* Begin PBXBuildFile section */
		841ED11D240B6D7A0048E5E8 /* main.swift in Sources */ = {isa = PBXBuildFile; fileRef = 841ED11C240B6D7A0048E5E8 /* main.swift */; };
		841ED124240B6DE00048E5E8 /* StoryboardParser.swift in Sources */ = {isa = PBXBuildFile; fileRef = 841ED123240B6DE00048E5E8 /* StoryboardParser.swift */; };
		841ED127240B738C0048E5E8 /* ProjectFileManager.swift in Sources */ = {isa = PBXBuildFile; fileRef = 841ED126240B738C0048E5E8 /* ProjectFileManager.swift */; };
		846A81E3240F2E0A0027CC4F /* XcodeProjectParser.swift in Sources */ = {isa = PBXBuildFile; fileRef = 846A81E2240F2E0A0027CC4F /* XcodeProjectParser.swift */; };
		846A81E5240F2E690027CC4F /* IDParser.swift in Sources */ = {isa = PBXBuildFile; fileRef = 846A81E4240F2E690027CC4F /* IDParser.swift */; };
		847DD221261BBD590084533E /* UserDataTracker.swift in Sources */ = {isa = PBXBuildFile; fileRef = 847DD220261BBD590084533E /* UserDataTracker.swift */; };
/* End PBXBuildFile section */

/* Begin PBXCopyFilesBuildPhase section */
		841ED117240B6D7A0048E5E8 /* CopyFiles */ = {
			isa = PBXCopyFilesBuildPhase;
			buildActionMask = 2147483647;
			dstPath = /usr/share/man/man1/;
			dstSubfolderSpec = 0;
			files = (
			);
			runOnlyForDeploymentPostprocessing = 1;
		};
/* End PBXCopyFilesBuildPhase section */

/* Begin PBXFileReference section */
		841ED119240B6D7A0048E5E8 /* StoryboardSimilarity */ = {isa = PBXFileReference; explicitFileType = "compiled.mach-o.executable"; includeInIndex = 0; path = StoryboardSimilarity; sourceTree = BUILT_PRODUCTS_DIR; };
		841ED11C240B6D7A0048E5E8 /* main.swift */ = {isa = PBXFileReference; lastKnownFileType = sourcecode.swift; path = main.swift; sourceTree = "<group>"; };
		841ED123240B6DE00048E5E8 /* StoryboardParser.swift */ = {isa = PBXFileReference; lastKnownFileType = sourcecode.swift; path = StoryboardParser.swift; sourceTree = "<group>"; };
		841ED126240B738C0048E5E8 /* ProjectFileManager.swift */ = {isa = PBXFileReference; lastKnownFileType = sourcecode.swift; path = ProjectFileManager.swift; sourceTree = "<group>"; };
		846A81E2240F2E0A0027CC4F /* XcodeProjectParser.swift */ = {isa = PBXFileReference; lastKnownFileType = sourcecode.swift; path = XcodeProjectParser.swift; sourceTree = "<group>"; };
		846A81E4240F2E690027CC4F /* IDParser.swift */ = {isa = PBXFileReference; lastKnownFileType = sourcecode.swift; path = IDParser.swift; sourceTree = "<group>"; };
		847DD220261BBD590084533E /* UserDataTracker.swift */ = {isa = PBXFileReference; lastKnownFileType = sourcecode.swift; path = UserDataTracker.swift; sourceTree = "<group>"; };
/* End PBXFileReference section */

/* Begin PBXFrameworksBuildPhase section */
		841ED116240B6D7A0048E5E8 /* Frameworks */ = {
			isa = PBXFrameworksBuildPhase;
			buildActionMask = 2147483647;
			files = (
			);
			runOnlyForDeploymentPostprocessing = 0;
		};
/* End PBXFrameworksBuildPhase section */

/* Begin PBXGroup section */
		841ED110240B6D7A0048E5E8 = {
			isa = PBXGroup;
			children = (
				841ED11B240B6D7A0048E5E8 /* StoryboardSimilarity */,
				841ED11A240B6D7A0048E5E8 /* Products */,
			);
			sourceTree = "<group>";
		};
		841ED11A240B6D7A0048E5E8 /* Products */ = {
			isa = PBXGroup;
			children = (
				841ED119240B6D7A0048E5E8 /* StoryboardSimilarity */,
			);
			name = Products;
			sourceTree = "<group>";
		};
		841ED11B240B6D7A0048E5E8 /* StoryboardSimilarity */ = {
			isa = PBXGroup;
			children = (
				841ED11C240B6D7A0048E5E8 /* main.swift */,
				841ED123240B6DE00048E5E8 /* StoryboardParser.swift */,
				846A81E4240F2E690027CC4F /* IDParser.swift */,
				846A81E2240F2E0A0027CC4F /* XcodeProjectParser.swift */,
				847DD220261BBD590084533E /* UserDataTracker.swift */,
				841ED126240B738C0048E5E8 /* ProjectFileManager.swift */,
			);
			path = StoryboardSimilarity;
			sourceTree = "<group>";
		};
/* End PBXGroup section */

/* Begin PBXNativeTarget section */
		841ED118240B6D7A0048E5E8 /* StoryboardSimilarity */ = {
			isa = PBXNativeTarget;
			buildConfigurationList = 841ED120240B6D7A0048E5E8 /* Build configuration list for PBXNativeTarget "StoryboardSimilarity" */;
			buildPhases = (
				841ED115240B6D7A0048E5E8 /* Sources */,
				841ED116240B6D7A0048E5E8 /* Frameworks */,
				841ED117240B6D7A0048E5E8 /* CopyFiles */,
			);
			buildRules = (
			);
			dependencies = (
			);
			name = StoryboardSimilarity;
			productName = StoryboardSimilarity;
			productReference = 841ED119240B6D7A0048E5E8 /* StoryboardSimilarity */;
			productType = "com.apple.product-type.tool";
		};
/* End PBXNativeTarget section */

/* Begin PBXProject section */
		841ED111240B6D7A0048E5E8 /* Project object */ = {
			isa = PBXProject;
			attributes = {
				LastSwiftUpdateCheck = 1130;
				LastUpgradeCheck = 1130;
				ORGANIZATIONNAME = "Harrison Weinerman";
				TargetAttributes = {
					841ED118240B6D7A0048E5E8 = {
						CreatedOnToolsVersion = 11.3.1;
					};
				};
			};
			buildConfigurationList = 841ED114240B6D7A0048E5E8 /* Build configuration list for PBXProject "StoryboardSimilarity" */;
			compatibilityVersion = "Xcode 9.3";
			developmentRegion = en;
			hasScannedForEncodings = 0;
			knownRegions = (
				en,
				Base,
			);
			mainGroup = 841ED110240B6D7A0048E5E8;
			productRefGroup = 841ED11A240B6D7A0048E5E8 /* Products */;
			projectDirPath = "";
			projectRoot = "";
			targets = (
				841ED118240B6D7A0048E5E8 /* StoryboardSimilarity */,
			);
		};
/* End PBXProject section */

/* Begin PBXSourcesBuildPhase section */
		841ED115240B6D7A0048E5E8 /* Sources */ = {
			isa = PBXSourcesBuildPhase;
			buildActionMask = 2147483647;
			files = (
				841ED11D240B6D7A0048E5E8 /* main.swift in Sources */,
				847DD221261BBD590084533E /* UserDataTracker.swift in Sources */,
				841ED124240B6DE00048E5E8 /* StoryboardParser.swift in Sources */,
				846A81E3240F2E0A0027CC4F /* XcodeProjectParser.swift in Sources */,
				841ED127240B738C0048E5E8 /* ProjectFileManager.swift in Sources */,
				846A81E5240F2E690027CC4F /* IDParser.swift in Sources */,
			);
			runOnlyForDeploymentPostprocessing = 0;
		};
/* End PBXSourcesBuildPhase section */

/* Begin XCBuildConfiguration section */
		841ED11E240B6D7A0048E5E8 /* Debug */ = {
			isa = XCBuildConfiguration;
			buildSettings = {
				ALWAYS_SEARCH_USER_PATHS = NO;
				CLANG_ANALYZER_NONNULL = YES;
				CLANG_ANALYZER_NUMBER_OBJECT_CONVERSION = YES_AGGRESSIVE;
				CLANG_CXX_LANGUAGE_STANDARD = "gnu++14";
				CLANG_CXX_LIBRARY = "libc++";
				CLANG_ENABLE_MODULES = YES;
				CLANG_ENABLE_OBJC_ARC = YES;
				CLANG_ENABLE_OBJC_WEAK = YES;
				CLANG_WARN_BLOCK_CAPTURE_AUTORELEASING = YES;
				CLANG_WARN_BOOL_CONVERSION = YES;
				CLANG_WARN_COMMA = YES;
				CLANG_WARN_CONSTANT_CONVERSION = YES;
				CLANG_WARN_DEPRECATED_OBJC_IMPLEMENTATIONS = YES;
				CLANG_WARN_DIRECT_OBJC_ISA_USAGE = YES_ERROR;
				CLANG_WARN_DOCUMENTATION_COMMENTS = YES;
				CLANG_WARN_EMPTY_BODY = YES;
				CLANG_WARN_ENUM_CONVERSION = YES;
				CLANG_WARN_INFINITE_RECURSION = YES;
				CLANG_WARN_INT_CONVERSION = YES;
				CLANG_WARN_NON_LITERAL_NULL_CONVERSION = YES;
				CLANG_WARN_OBJC_IMPLICIT_RETAIN_SELF = YES;
				CLANG_WARN_OBJC_LITERAL_CONVERSION = YES;
				CLANG_WARN_OBJC_ROOT_CLASS = YES_ERROR;
				CLANG_WARN_RANGE_LOOP_ANALYSIS = YES;
				CLANG_WARN_STRICT_PROTOTYPES = YES;
				CLANG_WARN_SUSPICIOUS_MOVE = YES;
				CLANG_WARN_UNGUARDED_AVAILABILITY = YES_AGGRESSIVE;
				CLANG_WARN_UNREACHABLE_CODE = YES;
				CLANG_WARN__DUPLICATE_METHOD_MATCH = YES;
				COPY_PHASE_STRIP = NO;
				DEBUG_INFORMATION_FORMAT = dwarf;
				ENABLE_STRICT_OBJC_MSGSEND = YES;
				ENABLE_TESTABILITY = YES;
				GCC_C_LANGUAGE_STANDARD = gnu11;
				GCC_DYNAMIC_NO_PIC = NO;
				GCC_NO_COMMON_BLOCKS = YES;
				GCC_OPTIMIZATION_LEVEL = 0;
				GCC_PREPROCESSOR_DEFINITIONS = (
					"DEBUG=1",
					"$(inherited)",
				);
				GCC_WARN_64_TO_32_BIT_CONVERSION = YES;
				GCC_WARN_ABOUT_RETURN_TYPE = YES_ERROR;
				GCC_WARN_UNDECLARED_SELECTOR = YES;
				GCC_WARN_UNINITIALIZED_AUTOS = YES_AGGRESSIVE;
				GCC_WARN_UNUSED_FUNCTION = YES;
				GCC_WARN_UNUSED_VARIABLE = YES;
				MACOSX_DEPLOYMENT_TARGET = 10.15;
				MTL_ENABLE_DEBUG_INFO = INCLUDE_SOURCE;
				MTL_FAST_MATH = YES;
				ONLY_ACTIVE_ARCH = YES;
				SDKROOT = macosx;
				SWIFT_ACTIVE_COMPILATION_CONDITIONS = DEBUG;
				SWIFT_OPTIMIZATION_LEVEL = "-Onone";
			};
			name = Debug;
		};
		841ED11F240B6D7A0048E5E8 /* Release */ = {
			isa = XCBuildConfiguration;
			buildSettings = {
				ALWAYS_SEARCH_USER_PATHS = NO;
				CLANG_ANALYZER_NONNULL = YES;
				CLANG_ANALYZER_NUMBER_OBJECT_CONVERSION = YES_AGGRESSIVE;
				CLANG_CXX_LANGUAGE_STANDARD = "gnu++14";
				CLANG_CXX_LIBRARY = "libc++";
				CLANG_ENABLE_MODULES = YES;
				CLANG_ENABLE_OBJC_ARC = YES;
				CLANG_ENABLE_OBJC_WEAK = YES;
				CLANG_WARN_BLOCK_CAPTURE_AUTORELEASING = YES;
				CLANG_WARN_BOOL_CONVERSION = YES;
				CLANG_WARN_COMMA = YES;
				CLANG_WARN_CONSTANT_CONVERSION = YES;
				CLANG_WARN_DEPRECATED_OBJC_IMPLEMENTATIONS = YES;
				CLANG_WARN_DIRECT_OBJC_ISA_USAGE = YES_ERROR;
				CLANG_WARN_DOCUMENTATION_COMMENTS = YES;
				CLANG_WARN_EMPTY_BODY = YES;
				CLANG_WARN_ENUM_CONVERSION = YES;
				CLANG_WARN_INFINITE_RECURSION = YES;
				CLANG_WARN_INT_CONVERSION = YES;
				CLANG_WARN_NON_LITERAL_NULL_CONVERSION = YES;
				CLANG_WARN_OBJC_IMPLICIT_RETAIN_SELF = YES;
				CLANG_WARN_OBJC_LITERAL_CONVERSION = YES;
				CLANG_WARN_OBJC_ROOT_CLASS = YES_ERROR;
				CLANG_WARN_RANGE_LOOP_ANALYSIS = YES;
				CLANG_WARN_STRICT_PROTOTYPES = YES;
				CLANG_WARN_SUSPICIOUS_MOVE = YES;
				CLANG_WARN_UNGUARDED_AVAILABILITY = YES_AGGRESSIVE;
				CLANG_WARN_UNREACHABLE_CODE = YES;
				CLANG_WARN__DUPLICATE_METHOD_MATCH = YES;
				COPY_PHASE_STRIP = NO;
				DEBUG_INFORMATION_FORMAT = "dwarf-with-dsym";
				ENABLE_NS_ASSERTIONS = NO;
				ENABLE_STRICT_OBJC_MSGSEND = YES;
				GCC_C_LANGUAGE_STANDARD = gnu11;
				GCC_NO_COMMON_BLOCKS = YES;
				GCC_WARN_64_TO_32_BIT_CONVERSION = YES;
				GCC_WARN_ABOUT_RETURN_TYPE = YES_ERROR;
				GCC_WARN_UNDECLARED_SELECTOR = YES;
				GCC_WARN_UNINITIALIZED_AUTOS = YES_AGGRESSIVE;
				GCC_WARN_UNUSED_FUNCTION = YES;
				GCC_WARN_UNUSED_VARIABLE = YES;
				MACOSX_DEPLOYMENT_TARGET = 10.15;
				MTL_ENABLE_DEBUG_INFO = NO;
				MTL_FAST_MATH = YES;
				SDKROOT = macosx;
				SWIFT_COMPILATION_MODE = wholemodule;
				SWIFT_OPTIMIZATION_LEVEL = "-O";
			};
			name = Release;
		};
		841ED121240B6D7A0048E5E8 /* Debug */ = {
			isa = XCBuildConfiguration;
			buildSettings = {
				CODE_SIGN_STYLE = Automatic;
				PRODUCT_NAME = "$(TARGET_NAME)";
				SWIFT_VERSION = 5.0;
			};
			name = Debug;
		};
		841ED122240B6D7A0048E5E8 /* Release */ = {
			isa = XCBuildConfiguration;
			buildSettings = {
				CODE_SIGN_STYLE = Automatic;
				PRODUCT_NAME = "$(TARGET_NAME)";
				SWIFT_VERSION = 5.0;
			};
			name = Release;
		};
/* End XCBuildConfiguration section */

/* Begin XCConfigurationList section */
		841ED114240B6D7A0048E5E8 /* Build configuration list for PBXProject "StoryboardSimilarity" */ = {
			isa = XCConfigurationList;
			buildConfigurations = (
				841ED11E240B6D7A0048E5E8 /* Debug */,
				841ED11F240B6D7A0048E5E8 /* Release */,
			);
			defaultConfigurationIsVisible = 0;
			defaultConfigurationName = Release;
		};
		841ED120240B6D7A0048E5E8 /* Build configuration list for PBXNativeTarget "StoryboardSimilarity" */ = {
			isa = XCConfigurationList;
			buildConfigurations = (
				841ED121240B6D7A0048E5E8 /* Debug */,
				841ED122240B6D7A0048E5E8 /* Release */,
			);
			defaultConfigurationIsVisible = 0;
			defaultConfigurationName = Release;
		};
/* End XCConfigurationList section */
	};
	rootObject = 841ED111240B6D7A0048E5E8 /* Project object */;
}
